
Microsoft Visual Studio Solution File, Format Version 12.00
# Visual Studio Version 17
VisualStudioVersion = 17.14.36221.1 d17.14
MinimumVisualStudioVersion = 10.0.40219.1
Project("{FAE04EC0-301F-11D3-BF4B-00C04F79EFBC}") = "TryCameraEnguCV", "TryCameraEnguCV\TryCameraEnguCV.csproj", "{724436A5-98DA-462C-8856-A0357326676F}"
EndProject
Global
	GlobalSection(SolutionConfigurationPlatforms) = preSolution
		Debug|Any CPU = Debug|Any CPU
		Debug|x64 = Debug|x64
		Release|Any CPU = Release|Any CPU
		Release|x64 = Release|x64
	EndGlobalSection
	GlobalSection(ProjectConfigurationPlatforms) = postSolution
		{724436A5-98DA-462C-8856-A0357326676F}.Debug|Any CPU.ActiveCfg = Debug|Any CPU
		{724436A5-98DA-462C-8856-A0357326676F}.Debug|Any CPU.Build.0 = Debug|Any CPU
		{724436A5-98DA-462C-8856-A0357326676F}.Debug|x64.ActiveCfg = Debug|x64
		{724436A5-98DA-462C-8856-A0357326676F}.Debug|x64.Build.0 = Debug|x64
		{724436A5-98DA-462C-8856-A0357326676F}.Release|Any CPU.ActiveCfg = Release|Any CPU
		{724436A5-98DA-462C-8856-A0357326676F}.Release|Any CPU.Build.0 = Release|Any CPU
		{724436A5-98DA-462C-8856-A0357326676F}.Release|x64.ActiveCfg = Release|x64
		{724436A5-98DA-462C-8856-A0357326676F}.Release|x64.Build.0 = Release|x64
	EndGlobalSection
	GlobalSection(SolutionProperties) = preSolution
		HideSolutionNode = FALSE
	EndGlobalSection
	GlobalSection(ExtensibilityGlobals) = postSolution
		SolutionGuid = {1DEA8B80-09B8-4F7E-83C6-B8D450B3AD74}
	EndGlobalSection
EndGlobal
